
Microsoft Visual Studio Solution File, Format Version 11.00
# Visual Studio 2010
Project("{FAE04EC0-301F-11D3-BF4B-00C04F79EFBC}") = "ProgrammingWithTimerCallbacks", "ProgrammingWithTimerCallbacks\ProgrammingWithTimerCallbacks.csproj", "{F6DA253E-040C-43FF-85CA-B90DEC3B268A}"
EndProject
Global
	GlobalSection(SolutionConfigurationPlatforms) = preSolution
		Debug|x86 = Debug|x86
		Release|x86 = Release|x86
	EndGlobalSection
	GlobalSection(ProjectConfigurationPlatforms) = postSolution
		{F6DA253E-040C-43FF-85CA-B90DEC3B268A}.Debug|x86.ActiveCfg = Debug|x86
		{F6DA253E-040C-43FF-85CA-B90DEC3B268A}.Debug|x86.Build.0 = Debug|x86
		{F6DA253E-040C-43FF-85CA-B90DEC3B268A}.Release|x86.ActiveCfg = Release|x86
		{F6DA253E-040C-43FF-85CA-B90DEC3B268A}.Release|x86.Build.0 = Release|x86
	EndGlobalSection
	GlobalSection(MonoDevelopProperties) = preSolution
		StartupItem = ProgrammingWithTimerCallbacks\ProgrammingWithTimerCallbacks.csproj
	EndGlobalSection
EndGlobal
