
Microsoft Visual Studio Solution File, Format Version 12.00
# Visual Studio 2013
VisualStudioVersion = 12.0.21005.1
MinimumVisualStudioVersion = 10.0.40219.1
Project("{FAE04EC0-301F-11D3-BF4B-00C04F79EFBC}") = "BuildingACostumDependencyProperty", "BuildingACostumDependencyProperty\BuildingACostumDependencyProperty.csproj", "{45ABC95B-12A6-4BE4-819E-4BFD50AE104A}"
EndProject
Global
	GlobalSection(SolutionConfigurationPlatforms) = preSolution
		Debug|Any CPU = Debug|Any CPU
		Release|Any CPU = Release|Any CPU
	EndGlobalSection
	GlobalSection(ProjectConfigurationPlatforms) = postSolution
		{45ABC95B-12A6-4BE4-819E-4BFD50AE104A}.Debug|Any CPU.ActiveCfg = Debug|Any CPU
		{45ABC95B-12A6-4BE4-819E-4BFD50AE104A}.Debug|Any CPU.Build.0 = Debug|Any CPU
		{45ABC95B-12A6-4BE4-819E-4BFD50AE104A}.Release|Any CPU.ActiveCfg = Release|Any CPU
		{45ABC95B-12A6-4BE4-819E-4BFD50AE104A}.Release|Any CPU.Build.0 = Release|Any CPU
	EndGlobalSection
	GlobalSection(SolutionProperties) = preSolution
		HideSolutionNode = FALSE
	EndGlobalSection
EndGlobal
