
Microsoft Visual Studio Solution File, Format Version 12.00
# Visual Studio 2012
Project("{FAE04EC0-301F-11D3-BF4B-00C04F79EFBC}") = "SystemArrayFunctionality", "SystemArrayFunctionality\SystemArrayFunctionality.csproj", "{916D0622-B419-49FA-8D08-386FD44A9140}"
EndProject
Global
	GlobalSection(SolutionConfigurationPlatforms) = preSolution
		Debug|Any CPU = Debug|Any CPU
		Release|Any CPU = Release|Any CPU
	EndGlobalSection
	GlobalSection(ProjectConfigurationPlatforms) = postSolution
		{916D0622-B419-49FA-8D08-386FD44A9140}.Debug|Any CPU.ActiveCfg = Debug|Any CPU
		{916D0622-B419-49FA-8D08-386FD44A9140}.Debug|Any CPU.Build.0 = Debug|Any CPU
		{916D0622-B419-49FA-8D08-386FD44A9140}.Release|Any CPU.ActiveCfg = Release|Any CPU
		{916D0622-B419-49FA-8D08-386FD44A9140}.Release|Any CPU.Build.0 = Release|Any CPU
	EndGlobalSection
	GlobalSection(SolutionProperties) = preSolution
		HideSolutionNode = FALSE
	EndGlobalSection
EndGlobal
