
Microsoft Visual Studio Solution File, Format Version 12.00
# Visual Studio 2012
Project("{FAE04EC0-301F-11D3-BF4B-00C04F79EFBC}") = "BuildingACostumMetadataViewer", "BuildingACostumMetadataViewer\BuildingACostumMetadataViewer.csproj", "{ED2D528E-B0C9-43B6-84EF-86A21213D81C}"
EndProject
Global
	GlobalSection(SolutionConfigurationPlatforms) = preSolution
		Debug|Any CPU = Debug|Any CPU
		Release|Any CPU = Release|Any CPU
	EndGlobalSection
	GlobalSection(ProjectConfigurationPlatforms) = postSolution
		{ED2D528E-B0C9-43B6-84EF-86A21213D81C}.Debug|Any CPU.ActiveCfg = Debug|Any CPU
		{ED2D528E-B0C9-43B6-84EF-86A21213D81C}.Debug|Any CPU.Build.0 = Debug|Any CPU
		{ED2D528E-B0C9-43B6-84EF-86A21213D81C}.Release|Any CPU.ActiveCfg = Release|Any CPU
		{ED2D528E-B0C9-43B6-84EF-86A21213D81C}.Release|Any CPU.Build.0 = Release|Any CPU
	EndGlobalSection
	GlobalSection(SolutionProperties) = preSolution
		HideSolutionNode = FALSE
	EndGlobalSection
EndGlobal
